{
    "name": "coral_mapping_system",
    "lockfileVersion": 3,
    "requires": true,
    "packages": {
        "": {
            "dependencies": {
                "@deck.gl/core": "^8.9.30",
                "@deck.gl/layers": "^8.9.30"
            },
            "devDependencies": {
                "axios": "^1.1.2",
                "laravel-vite-plugin": "^0.8.0",
                "vite": "^4.0.0"
            }
        },
        "node_modules/@babel/runtime": {
            "version": "7.23.1",
            "resolved": "https://registry.npmjs.org/@babel/runtime/-/runtime-7.23.1.tgz",
            "integrity": "sha512-hC2v6p8ZSI/W0HUzh3V8C5g+NwSKzKPtJwSpTjwl0o297GP9+ZLQSkdvHz46CM3LqyoXxq+5G9komY+eSqSO0g==",
            "dependencies": {
                "regenerator-runtime": "^0.14.0"
            },
            "engines": {
                "node": ">=6.9.0"
            }
        },
        "node_modules/@deck.gl/core": {
            "version": "8.9.30",
            "resolved": "https://registry.npmjs.org/@deck.gl/core/-/core-8.9.30.tgz",
            "integrity": "sha512-cgaqJ25IxKVtQ7zapICF6WedAy4Lh0Kv9rX40lqgc5zfYFH/QdB0JkGB6CzHMpCSp+vO5uDSh6lfu+2Q0oAlcA==",
            "dependencies": {
                "@babel/runtime": "^7.0.0",
                "@loaders.gl/core": "^3.4.13",
                "@loaders.gl/images": "^3.4.13",
                "@luma.gl/constants": "^8.5.21",
                "@luma.gl/core": "^8.5.21",
                "@luma.gl/webgl": "^8.5.21",
                "@math.gl/core": "^3.6.2",
                "@math.gl/sun": "^3.6.2",
                "@math.gl/web-mercator": "^3.6.2",
                "@probe.gl/env": "^3.5.0",
                "@probe.gl/log": "^3.5.0",
                "@probe.gl/stats": "^3.5.0",
                "gl-matrix": "^3.0.0",
                "math.gl": "^3.6.2",
                "mjolnir.js": "^2.7.0"
            }
        },
        "node_modules/@deck.gl/layers": {
            "version": "8.9.30",
            "resolved": "https://registry.npmjs.org/@deck.gl/layers/-/layers-8.9.30.tgz",
            "integrity": "sha512-qz12cAyMF0/G1Fom0XdxdHbx58etrTpZ7bnL9ofHUjgUbMa7LHf28gjVxZ0kZ+jNLvX1TNtzOUSSw05g2D0wNQ==",
            "dependencies": {
                "@babel/runtime": "^7.0.0",
                "@loaders.gl/images": "^3.4.13",
                "@loaders.gl/schema": "^3.4.13",
                "@luma.gl/constants": "^8.5.21",
                "@mapbox/tiny-sdf": "^2.0.5",
                "@math.gl/core": "^3.6.2",
                "@math.gl/polygon": "^3.6.2",
                "@math.gl/web-mercator": "^3.6.2",
                "earcut": "^2.2.4"
            },
            "peerDependencies": {
                "@deck.gl/core": "^8.0.0",
                "@loaders.gl/core": "^3.4.13",
                "@luma.gl/core": "^8.0.0"
            }
        },
        "node_modules/@esbuild/android-arm": {
            "version": "0.18.20",
            "resolved": "https://registry.npmjs.org/@esbuild/android-arm/-/android-arm-0.18.20.tgz",
            "integrity": "sha512-fyi7TDI/ijKKNZTUJAQqiG5T7YjJXgnzkURqmGj13C6dCqckZBLdl4h7bkhHt/t0WP+zO9/zwroDvANaOqO5Sw==",
            "cpu": [
                "arm"
            ],
            "dev": true,
            "optional": true,
            "os": [
                "android"
            ],
            "engines": {
                "node": ">=12"
            }
        },
        "node_modules/@esbuild/android-arm64": {
            "version": "0.18.20",
            "resolved": "https://registry.npmjs.org/@esbuild/android-arm64/-/android-arm64-0.18.20.tgz",
            "integrity": "sha512-Nz4rJcchGDtENV0eMKUNa6L12zz2zBDXuhj/Vjh18zGqB44Bi7MBMSXjgunJgjRhCmKOjnPuZp4Mb6OKqtMHLQ==",
            "cpu": [
                "arm64"
            ],
            "dev": true,
            "optional": true,
            "os": [
                "android"
            ],
            "engines": {
                "node": ">=12"
            }
        },
        "node_modules/@esbuild/android-x64": {
            "version": "0.18.20",
            "resolved": "https://registry.npmjs.org/@esbuild/android-x64/-/android-x64-0.18.20.tgz",
            "integrity": "sha512-8GDdlePJA8D6zlZYJV/jnrRAi6rOiNaCC/JclcXpB+KIuvfBN4owLtgzY2bsxnx666XjJx2kDPUmnTtR8qKQUg==",
            "cpu": [
                "x64"
            ],
            "dev": true,
            "optional": true,
            "os": [
                "android"
            ],
            "engines": {
                "node": ">=12"
            }
        },
        "node_modules/@esbuild/darwin-arm64": {
            "version": "0.18.20",
            "resolved": "https://registry.npmjs.org/@esbuild/darwin-arm64/-/darwin-arm64-0.18.20.tgz",
            "integrity": "sha512-bxRHW5kHU38zS2lPTPOyuyTm+S+eobPUnTNkdJEfAddYgEcll4xkT8DB9d2008DtTbl7uJag2HuE5NZAZgnNEA==",
            "cpu": [
                "arm64"
            ],
            "dev": true,
            "optional": true,
            "os": [
                "darwin"
            ],
            "engines": {
                "node": ">=12"
            }
        },
        "node_modules/@esbuild/darwin-x64": {
            "version": "0.18.20",
            "resolved": "https://registry.npmjs.org/@esbuild/darwin-x64/-/darwin-x64-0.18.20.tgz",
            "integrity": "sha512-pc5gxlMDxzm513qPGbCbDukOdsGtKhfxD1zJKXjCCcU7ju50O7MeAZ8c4krSJcOIJGFR+qx21yMMVYwiQvyTyQ==",
            "cpu": [
                "x64"
            ],
            "dev": true,
            "optional": true,
            "os": [
                "darwin"
            ],
            "engines": {
                "node": ">=12"
            }
        },
        "node_modules/@esbuild/freebsd-arm64": {
            "version": "0.18.20",
            "resolved": "https://registry.npmjs.org/@esbuild/freebsd-arm64/-/freebsd-arm64-0.18.20.tgz",
            "integrity": "sha512-yqDQHy4QHevpMAaxhhIwYPMv1NECwOvIpGCZkECn8w2WFHXjEwrBn3CeNIYsibZ/iZEUemj++M26W3cNR5h+Tw==",
            "cpu": [
                "arm64"
            ],
            "dev": true,
            "optional": true,
            "os": [
                "freebsd"
            ],
            "engines": {
                "node": ">=12"
            }
        },
        "node_modules/@esbuild/freebsd-x64": {
            "version": "0.18.20",
            "resolved": "https://registry.npmjs.org/@esbuild/freebsd-x64/-/freebsd-x64-0.18.20.tgz",
            "integrity": "sha512-tgWRPPuQsd3RmBZwarGVHZQvtzfEBOreNuxEMKFcd5DaDn2PbBxfwLcj4+aenoh7ctXcbXmOQIn8HI6mCSw5MQ==",
            "cpu": [
                "x64"
            ],
            "dev": true,
            "optional": true,
            "os": [
                "freebsd"
            ],
            "engines": {
                "node": ">=12"
            }
        },
        "node_modules/@esbuild/linux-arm": {
            "version": "0.18.20",
            "resolved": "https://registry.npmjs.org/@esbuild/linux-arm/-/linux-arm-0.18.20.tgz",
            "integrity": "sha512-/5bHkMWnq1EgKr1V+Ybz3s1hWXok7mDFUMQ4cG10AfW3wL02PSZi5kFpYKrptDsgb2WAJIvRcDm+qIvXf/apvg==",
            "cpu": [
                "arm"
            ],
            "dev": true,
            "optional": true,
            "os": [
                "linux"
            ],
            "engines": {
                "node": ">=12"
            }
        },
        "node_modules/@esbuild/linux-arm64": {
            "version": "0.18.20",
            "resolved": "https://registry.npmjs.org/@esbuild/linux-arm64/-/linux-arm64-0.18.20.tgz",
            "integrity": "sha512-2YbscF+UL7SQAVIpnWvYwM+3LskyDmPhe31pE7/aoTMFKKzIc9lLbyGUpmmb8a8AixOL61sQ/mFh3jEjHYFvdA==",
            "cpu": [
                "arm64"
            ],
            "dev": true,
            "optional": true,
            "os": [
                "linux"
            ],
            "engines": {
                "node": ">=12"
            }
        },
        "node_modules/@esbuild/linux-ia32": {
            "version": "0.18.20",
            "resolved": "https://registry.npmjs.org/@esbuild/linux-ia32/-/linux-ia32-0.18.20.tgz",
            "integrity": "sha512-P4etWwq6IsReT0E1KHU40bOnzMHoH73aXp96Fs8TIT6z9Hu8G6+0SHSw9i2isWrD2nbx2qo5yUqACgdfVGx7TA==",
            "cpu": [
                "ia32"
            ],
            "dev": true,
            "optional": true,
            "os": [
                "linux"
            ],
            "engines": {
                "node": ">=12"
            }
        },
        "node_modules/@esbuild/linux-loong64": {
            "version": "0.18.20",
            "resolved": "https://registry.npmjs.org/@esbuild/linux-loong64/-/linux-loong64-0.18.20.tgz",
            "integrity": "sha512-nXW8nqBTrOpDLPgPY9uV+/1DjxoQ7DoB2N8eocyq8I9XuqJ7BiAMDMf9n1xZM9TgW0J8zrquIb/A7s3BJv7rjg==",
            "cpu": [
                "loong64"
            ],
            "dev": true,
            "optional": true,
            "os": [
                "linux"
            ],
            "engines": {
                "node": ">=12"
            }
        },
        "node_modules/@esbuild/linux-mips64el": {
            "version": "0.18.20",
            "resolved": "https://registry.npmjs.org/@esbuild/linux-mips64el/-/linux-mips64el-0.18.20.tgz",
            "integrity": "sha512-d5NeaXZcHp8PzYy5VnXV3VSd2D328Zb+9dEq5HE6bw6+N86JVPExrA6O68OPwobntbNJ0pzCpUFZTo3w0GyetQ==",
            "cpu": [
                "mips64el"
            ],
            "dev": true,
            "optional": true,
            "os": [
                "linux"
            ],
            "engines": {
                "node": ">=12"
            }
        },
        "node_modules/@esbuild/linux-ppc64": {
            "version": "0.18.20",
            "resolved": "https://registry.npmjs.org/@esbuild/linux-ppc64/-/linux-ppc64-0.18.20.tgz",
            "integrity": "sha512-WHPyeScRNcmANnLQkq6AfyXRFr5D6N2sKgkFo2FqguP44Nw2eyDlbTdZwd9GYk98DZG9QItIiTlFLHJHjxP3FA==",
            "cpu": [
                "ppc64"
            ],
            "dev": true,
            "optional": true,
            "os": [
                "linux"
            ],
            "engines": {
                "node": ">=12"
            }
        },
        "node_modules/@esbuild/linux-riscv64": {
            "version": "0.18.20",
            "resolved": "https://registry.npmjs.org/@esbuild/linux-riscv64/-/linux-riscv64-0.18.20.tgz",
            "integrity": "sha512-WSxo6h5ecI5XH34KC7w5veNnKkju3zBRLEQNY7mv5mtBmrP/MjNBCAlsM2u5hDBlS3NGcTQpoBvRzqBcRtpq1A==",
            "cpu": [
                "riscv64"
            ],
            "dev": true,
            "optional": true,
            "os": [
                "linux"
            ],
            "engines": {
                "node": ">=12"
            }
        },
        "node_modules/@esbuild/linux-s390x": {
            "version": "0.18.20",
            "resolved": "https://registry.npmjs.org/@esbuild/linux-s390x/-/linux-s390x-0.18.20.tgz",
            "integrity": "sha512-+8231GMs3mAEth6Ja1iK0a1sQ3ohfcpzpRLH8uuc5/KVDFneH6jtAJLFGafpzpMRO6DzJ6AvXKze9LfFMrIHVQ==",
            "cpu": [
                "s390x"
            ],
            "dev": true,
            "optional": true,
            "os": [
                "linux"
            ],
            "engines": {
                "node": ">=12"
            }
        },
        "node_modules/@esbuild/linux-x64": {
            "version": "0.18.20",
            "resolved": "https://registry.npmjs.org/@esbuild/linux-x64/-/linux-x64-0.18.20.tgz",
            "integrity": "sha512-UYqiqemphJcNsFEskc73jQ7B9jgwjWrSayxawS6UVFZGWrAAtkzjxSqnoclCXxWtfwLdzU+vTpcNYhpn43uP1w==",
            "cpu": [
                "x64"
            ],
            "dev": true,
            "optional": true,
            "os": [
                "linux"
            ],
            "engines": {
                "node": ">=12"
            }
        },
        "node_modules/@esbuild/netbsd-x64": {
            "version": "0.18.20",
            "resolved": "https://registry.npmjs.org/@esbuild/netbsd-x64/-/netbsd-x64-0.18.20.tgz",
            "integrity": "sha512-iO1c++VP6xUBUmltHZoMtCUdPlnPGdBom6IrO4gyKPFFVBKioIImVooR5I83nTew5UOYrk3gIJhbZh8X44y06A==",
            "cpu": [
                "x64"
            ],
            "dev": true,
            "optional": true,
            "os": [
                "netbsd"
            ],
            "engines": {
                "node": ">=12"
            }
        },
        "node_modules/@esbuild/openbsd-x64": {
            "version": "0.18.20",
            "resolved": "https://registry.npmjs.org/@esbuild/openbsd-x64/-/openbsd-x64-0.18.20.tgz",
            "integrity": "sha512-e5e4YSsuQfX4cxcygw/UCPIEP6wbIL+se3sxPdCiMbFLBWu0eiZOJ7WoD+ptCLrmjZBK1Wk7I6D/I3NglUGOxg==",
            "cpu": [
                "x64"
            ],
            "dev": true,
            "optional": true,
            "os": [
                "openbsd"
            ],
            "engines": {
                "node": ">=12"
            }
        },
        "node_modules/@esbuild/sunos-x64": {
            "version": "0.18.20",
            "resolved": "https://registry.npmjs.org/@esbuild/sunos-x64/-/sunos-x64-0.18.20.tgz",
            "integrity": "sha512-kDbFRFp0YpTQVVrqUd5FTYmWo45zGaXe0X8E1G/LKFC0v8x0vWrhOWSLITcCn63lmZIxfOMXtCfti/RxN/0wnQ==",
            "cpu": [
                "x64"
            ],
            "dev": true,
            "optional": true,
            "os": [
                "sunos"
            ],
            "engines": {
                "node": ">=12"
            }
        },
        "node_modules/@esbuild/win32-arm64": {
            "version": "0.18.20",
            "resolved": "https://registry.npmjs.org/@esbuild/win32-arm64/-/win32-arm64-0.18.20.tgz",
            "integrity": "sha512-ddYFR6ItYgoaq4v4JmQQaAI5s7npztfV4Ag6NrhiaW0RrnOXqBkgwZLofVTlq1daVTQNhtI5oieTvkRPfZrePg==",
            "cpu": [
                "arm64"
            ],
            "dev": true,
            "optional": true,
            "os": [
                "win32"
            ],
            "engines": {
                "node": ">=12"
            }
        },
        "node_modules/@esbuild/win32-ia32": {
            "version": "0.18.20",
            "resolved": "https://registry.npmjs.org/@esbuild/win32-ia32/-/win32-ia32-0.18.20.tgz",
            "integrity": "sha512-Wv7QBi3ID/rROT08SABTS7eV4hX26sVduqDOTe1MvGMjNd3EjOz4b7zeexIR62GTIEKrfJXKL9LFxTYgkyeu7g==",
            "cpu": [
                "ia32"
            ],
            "dev": true,
            "optional": true,
            "os": [
                "win32"
            ],
            "engines": {
                "node": ">=12"
            }
        },
        "node_modules/@esbuild/win32-x64": {
            "version": "0.18.20",
            "resolved": "https://registry.npmjs.org/@esbuild/win32-x64/-/win32-x64-0.18.20.tgz",
            "integrity": "sha512-kTdfRcSiDfQca/y9QIkng02avJ+NCaQvrMejlsB3RRv5sE9rRoeBPISaZpKxHELzRxZyLvNts1P27W3wV+8geQ==",
            "cpu": [
                "x64"
            ],
            "dev": true,
            "optional": true,
            "os": [
                "win32"
            ],
            "engines": {
                "node": ">=12"
            }
        },
        "node_modules/@loaders.gl/core": {
            "version": "3.4.14",
            "resolved": "https://registry.npmjs.org/@loaders.gl/core/-/core-3.4.14.tgz",
            "integrity": "sha512-5PFcjv7xC8AYL17juDMrvo8n0Fcwg9s8F4BaM2YCNUsb9RCI2SmLuIFJMcx1GgHO5vL0WiTIKO+JT4n1FuNR6w==",
            "dependencies": {
                "@babel/runtime": "^7.3.1",
                "@loaders.gl/loader-utils": "3.4.14",
                "@loaders.gl/worker-utils": "3.4.14",
                "@probe.gl/log": "^4.0.1"
            }
        },
        "node_modules/@loaders.gl/core/node_modules/@probe.gl/env": {
            "version": "4.0.4",
            "resolved": "https://registry.npmjs.org/@probe.gl/env/-/env-4.0.4.tgz",
            "integrity": "sha512-sYNGqesDfWD6dFP5oNZtTeFA4Z6ak5T4a8BNPdNhoqy7PK9w70JHrb6mv+RKWqKXq33KiwCDWL7fYxx2HuEH2w==",
            "dependencies": {
                "@babel/runtime": "^7.0.0"
            }
        },
        "node_modules/@loaders.gl/core/node_modules/@probe.gl/log": {
            "version": "4.0.4",
            "resolved": "https://registry.npmjs.org/@probe.gl/log/-/log-4.0.4.tgz",
            "integrity": "sha512-WpmXl6njlBMwrm8HBh/b4kSp/xnY1VVmeT4PWUKF+RkVbFuKQbsU11dA1IxoMd7gSY+5DGIwxGfAv1H5OMzA4A==",
            "dependencies": {
                "@babel/runtime": "^7.0.0",
                "@probe.gl/env": "4.0.4"
            }
        },
        "node_modules/@loaders.gl/images": {
            "version": "3.4.14",
            "resolved": "https://registry.npmjs.org/@loaders.gl/images/-/images-3.4.14.tgz",
            "integrity": "sha512-tL447hTWhOKBOB87SE4hvlC8OkbRT0mEaW1a/wIS9f4HnYDa/ycRLMV+nvdvYMZur4isNPam44oiRqi7GcILkg==",
            "dependencies": {
                "@loaders.gl/loader-utils": "3.4.14"
            }
        },
        "node_modules/@loaders.gl/loader-utils": {
            "version": "3.4.14",
            "resolved": "https://registry.npmjs.org/@loaders.gl/loader-utils/-/loader-utils-3.4.14.tgz",
            "integrity": "sha512-HCTY2/F83RLbZWcTvWLVJ1vke3dl6Bye20HU1AqkA37J2vzHwOZ8kj6eee8eeSkIkf7VIFwjyhVJxe0flQE/Bw==",
            "dependencies": {
                "@babel/runtime": "^7.3.1",
                "@loaders.gl/worker-utils": "3.4.14",
                "@probe.gl/stats": "^4.0.1"
            }
        },
        "node_modules/@loaders.gl/loader-utils/node_modules/@probe.gl/stats": {
            "version": "4.0.4",
            "resolved": "https://registry.npmjs.org/@probe.gl/stats/-/stats-4.0.4.tgz",
            "integrity": "sha512-SDuSY/D4yDL6LQDa69l/GCcnZLRiGYdyvYkxWb0CgnzTPdPrcdrzGkzkvpC3zsA4fEFw2smlDje370QGHwlisg==",
            "dependencies": {
                "@babel/runtime": "^7.0.0"
            }
        },
        "node_modules/@loaders.gl/schema": {
            "version": "3.4.14",
            "resolved": "https://registry.npmjs.org/@loaders.gl/schema/-/schema-3.4.14.tgz",
            "integrity": "sha512-r6BEDfUvbvzgUnh/MtkR5RzrkIwo1x1jtPFRTSJVsIZO7arXXlu3blffuv5ppEkKpNZ1Xzd9WtHp/JIkuctsmw==",
            "dependencies": {
                "@types/geojson": "^7946.0.7"
            }
        },
        "node_modules/@loaders.gl/worker-utils": {
            "version": "3.4.14",
            "resolved": "https://registry.npmjs.org/@loaders.gl/worker-utils/-/worker-utils-3.4.14.tgz",
            "integrity": "sha512-PUSwxoAYbskisXd0KfYEQ902b0igBA2UAWdP6PzPvY+tJmobfh74dTNwrrBQ1rGXQxxmGx6zc6/ksX6mlIzIrg==",
            "dependencies": {
                "@babel/runtime": "^7.3.1"
            }
        },
        "node_modules/@luma.gl/constants": {
            "version": "8.5.21",
            "resolved": "https://registry.npmjs.org/@luma.gl/constants/-/constants-8.5.21.tgz",
            "integrity": "sha512-aJxayGxTT+IRd1vfpcgD/cKSCiVJjBNiuiChS96VulrmCvkzUOLvYXr42y5qKB4RyR7vOIda5uQprNzoHrhQAA=="
        },
        "node_modules/@luma.gl/core": {
            "version": "8.5.21",
            "resolved": "https://registry.npmjs.org/@luma.gl/core/-/core-8.5.21.tgz",
            "integrity": "sha512-11jQJQEMoR/IN2oIsd4zFxiQJk6FE+xgVIMUcsCTBuzafTtQZ8Po9df8mt+MVewpDyBlTVs6g8nxHRH4np1ukA==",
            "dependencies": {
                "@babel/runtime": "^7.0.0",
                "@luma.gl/constants": "8.5.21",
                "@luma.gl/engine": "8.5.21",
                "@luma.gl/gltools": "8.5.21",
                "@luma.gl/shadertools": "8.5.21",
                "@luma.gl/webgl": "8.5.21"
            }
        },
        "node_modules/@luma.gl/engine": {
            "version": "8.5.21",
            "resolved": "https://registry.npmjs.org/@luma.gl/engine/-/engine-8.5.21.tgz",
            "integrity": "sha512-IG3WQSKXFNUEs8QG7ZjHtGiOtsakUu+BAxtJ6997A6/F06yynZ44tPe5NU70jG9Yfu3kV0LykPZg7hO3vXZDiA==",
            "dependencies": {
                "@babel/runtime": "^7.0.0",
                "@luma.gl/constants": "8.5.21",
                "@luma.gl/gltools": "8.5.21",
                "@luma.gl/shadertools": "8.5.21",
                "@luma.gl/webgl": "8.5.21",
                "@math.gl/core": "^3.5.0",
                "@probe.gl/env": "^3.5.0",
                "@probe.gl/stats": "^3.5.0",
                "@types/offscreencanvas": "^2019.7.0"
            }
        },
        "node_modules/@luma.gl/gltools": {
            "version": "8.5.21",
            "resolved": "https://registry.npmjs.org/@luma.gl/gltools/-/gltools-8.5.21.tgz",
            "integrity": "sha512-6qZ0LaT2Mxa4AJT5F44TFoaziokYiHUwO45vnM/NYUOIu9xevcmS6VtToawytMEACGL6PDeDyVqP3Y80SDzq5g==",
            "dependencies": {
                "@babel/runtime": "^7.0.0",
                "@luma.gl/constants": "8.5.21",
                "@probe.gl/env": "^3.5.0",
                "@probe.gl/log": "^3.5.0",
                "@types/offscreencanvas": "^2019.7.0"
            }
        },
        "node_modules/@luma.gl/shadertools": {
            "version": "8.5.21",
            "resolved": "https://registry.npmjs.org/@luma.gl/shadertools/-/shadertools-8.5.21.tgz",
            "integrity": "sha512-WQah7yFDJ8cNCLPYpIm3r0wSlXLvjoA279fcknmATvvkW3/i8PcCJ/nYEBJO3hHEwwMQxD16+YZu/uwGiifLMg==",
            "dependencies": {
                "@babel/runtime": "^7.0.0",
                "@math.gl/core": "^3.5.0"
            }
        },
        "node_modules/@luma.gl/webgl": {
            "version": "8.5.21",
            "resolved": "https://registry.npmjs.org/@luma.gl/webgl/-/webgl-8.5.21.tgz",
            "integrity": "sha512-ZVLO4W5UuaOlzZIwmFWhnmZ1gYoU97a+heMqxLrSSmCUAsSu3ZETUex9gOmzdM1WWxcdWaa3M68rvKCNEgwz0Q==",
            "dependencies": {
                "@babel/runtime": "^7.0.0",
                "@luma.gl/constants": "8.5.21",
                "@luma.gl/gltools": "8.5.21",
                "@probe.gl/env": "^3.5.0",
                "@probe.gl/stats": "^3.5.0"
            }
        },
        "node_modules/@mapbox/tiny-sdf": {
            "version": "2.0.6",
            "resolved": "https://registry.npmjs.org/@mapbox/tiny-sdf/-/tiny-sdf-2.0.6.tgz",
            "integrity": "sha512-qMqa27TLw+ZQz5Jk+RcwZGH7BQf5G/TrutJhspsca/3SHwmgKQ1iq+d3Jxz5oysPVYTGP6aXxCo5Lk9Er6YBAA=="
        },
        "node_modules/@math.gl/core": {
            "version": "3.6.3",
            "resolved": "https://registry.npmjs.org/@math.gl/core/-/core-3.6.3.tgz",
            "integrity": "sha512-jBABmDkj5uuuE0dTDmwwss7Cup5ZwQ6Qb7h1pgvtkEutTrhkcv8SuItQNXmF45494yIHeoGue08NlyeY6wxq2A==",
            "dependencies": {
                "@babel/runtime": "^7.12.0",
                "@math.gl/types": "3.6.3",
                "gl-matrix": "^3.4.0"
            }
        },
        "node_modules/@math.gl/polygon": {
            "version": "3.6.3",
            "resolved": "https://registry.npmjs.org/@math.gl/polygon/-/polygon-3.6.3.tgz",
            "integrity": "sha512-FivQ1ZnYcAss1wVifOkHP/ZnlfQy1IL/769uzNtiHxwUbW0kZG3yyOZ9I7fwyzR5Hvqt3ErJKHjSYZr0uVlz5g==",
            "dependencies": {
                "@math.gl/core": "3.6.3"
            }
        },
        "node_modules/@math.gl/sun": {
            "version": "3.6.3",
            "resolved": "https://registry.npmjs.org/@math.gl/sun/-/sun-3.6.3.tgz",
            "integrity": "sha512-mrx6CGYYeTNSQttvcw0KVUy+35YDmnjMqpO/o0t06Vcghrt0HNruB/ScRgUSbJrgkbOg1Vcqm23HBd++clzQzw==",
            "dependencies": {
                "@babel/runtime": "^7.12.0"
            }
        },
        "node_modules/@math.gl/types": {
            "version": "3.6.3",
            "resolved": "https://registry.npmjs.org/@math.gl/types/-/types-3.6.3.tgz",
            "integrity": "sha512-3uWLVXHY3jQxsXCr/UCNPSc2BG0hNUljhmOBt9l+lNFDp7zHgm0cK2Tw4kj2XfkJy4TgwZTBGwRDQgWEbLbdTA=="
        },
        "node_modules/@math.gl/web-mercator": {
            "version": "3.6.3",
            "resolved": "https://registry.npmjs.org/@math.gl/web-mercator/-/web-mercator-3.6.3.tgz",
            "integrity": "sha512-UVrkSOs02YLehKaehrxhAejYMurehIHPfFQvPFZmdJHglHOU4V2cCUApTVEwOksvCp161ypEqVp+9H6mGhTTcw==",
            "dependencies": {
                "@babel/runtime": "^7.12.0",
                "gl-matrix": "^3.4.0"
            }
        },
        "node_modules/@probe.gl/env": {
            "version": "3.6.0",
            "resolved": "https://registry.npmjs.org/@probe.gl/env/-/env-3.6.0.tgz",
            "integrity": "sha512-4tTZYUg/8BICC3Yyb9rOeoKeijKbZHRXBEKObrfPmX4sQmYB15ZOUpoVBhAyJkOYVAM8EkPci6Uw5dLCwx2BEQ==",
            "dependencies": {
                "@babel/runtime": "^7.0.0"
            }
        },
        "node_modules/@probe.gl/log": {
            "version": "3.6.0",
            "resolved": "https://registry.npmjs.org/@probe.gl/log/-/log-3.6.0.tgz",
            "integrity": "sha512-hjpyenpEvOdowgZ1qMeCJxfRD4JkKdlXz0RC14m42Un62NtOT+GpWyKA4LssT0+xyLULCByRAtG2fzZorpIAcA==",
            "dependencies": {
                "@babel/runtime": "^7.0.0",
                "@probe.gl/env": "3.6.0"
            }
        },
        "node_modules/@probe.gl/stats": {
            "version": "3.6.0",
            "resolved": "https://registry.npmjs.org/@probe.gl/stats/-/stats-3.6.0.tgz",
            "integrity": "sha512-JdALQXB44OP4kUBN/UrQgzbJe4qokbVF4Y8lkIA8iVCFnjVowWIgkD/z/0QO65yELT54tTrtepw1jScjKB+rhQ==",
            "dependencies": {
                "@babel/runtime": "^7.0.0"
            }
        },
        "node_modules/@types/geojson": {
            "version": "7946.0.11",
            "resolved": "https://registry.npmjs.org/@types/geojson/-/geojson-7946.0.11.tgz",
            "integrity": "sha512-L7A0AINMXQpVwxHJ4jxD6/XjZ4NDufaRlUJHjNIFKYUFBH1SvOW+neaqb0VTRSLW5suSrSu19ObFEFnfNcr+qg=="
        },
        "node_modules/@types/hammerjs": {
            "version": "2.0.42",
            "resolved": "https://registry.npmjs.org/@types/hammerjs/-/hammerjs-2.0.42.tgz",
            "integrity": "sha512-Xxk14BrwHnGi0xlURPRb+Y0UNn2w3cTkeFm7pKMsYOaNgH/kabbJLhcBoNIodwsbTz7Z8KcWjtDvlGH0nc0U9w=="
        },
        "node_modules/@types/offscreencanvas": {
            "version": "2019.7.1",
            "resolved": "https://registry.npmjs.org/@types/offscreencanvas/-/offscreencanvas-2019.7.1.tgz",
            "integrity": "sha512-+HSrJgjBW77ALieQdMJvXhRZUIRN1597L+BKvsyeiIlHHERnqjcuOLyodK3auJ3Y3zRezNKtKAhuQWYJfEgFHQ=="
        },
        "node_modules/asynckit": {
            "version": "0.4.0",
            "resolved": "https://registry.npmjs.org/asynckit/-/asynckit-0.4.0.tgz",
            "integrity": "sha512-Oei9OH4tRh0YqU3GxhX79dM/mwVgvbZJaSNaRk+bshkj0S5cfHcgYakreBjrHwatXKbz+IoIdYLxrKim2MjW0Q==",
            "dev": true
        },
        "node_modules/axios": {
            "version": "1.5.1",
            "resolved": "https://registry.npmjs.org/axios/-/axios-1.5.1.tgz",
            "integrity": "sha512-Q28iYCWzNHjAm+yEAot5QaAMxhMghWLFVf7rRdwhUI+c2jix2DUXjAHXVi+s1ibs3mjPO/cCgbA++3BjD0vP/A==",
            "dev": true,
            "dependencies": {
                "follow-redirects": "^1.15.0",
                "form-data": "^4.0.0",
                "proxy-from-env": "^1.1.0"
            }
        },
        "node_modules/combined-stream": {
            "version": "1.0.8",
            "resolved": "https://registry.npmjs.org/combined-stream/-/combined-stream-1.0.8.tgz",
            "integrity": "sha512-FQN4MRfuJeHf7cBbBMJFXhKSDq+2kAArBlmRBvcvFE5BB1HZKXtSFASDhdlz9zOYwxh8lDdnvmMOe/+5cdoEdg==",
            "dev": true,
            "dependencies": {
                "delayed-stream": "~1.0.0"
            },
            "engines": {
                "node": ">= 0.8"
            }
        },
        "node_modules/delayed-stream": {
            "version": "1.0.0",
            "resolved": "https://registry.npmjs.org/delayed-stream/-/delayed-stream-1.0.0.tgz",
            "integrity": "sha512-ZySD7Nf91aLB0RxL4KGrKHBXl7Eds1DAmEdcoVawXnLD7SDhpNgtuII2aAkg7a7QS41jxPSZ17p4VdGnMHk3MQ==",
            "dev": true,
            "engines": {
                "node": ">=0.4.0"
            }
        },
        "node_modules/earcut": {
            "version": "2.2.4",
            "resolved": "https://registry.npmjs.org/earcut/-/earcut-2.2.4.tgz",
            "integrity": "sha512-/pjZsA1b4RPHbeWZQn66SWS8nZZWLQQ23oE3Eam7aroEFGEvwKAsJfZ9ytiEMycfzXWpca4FA9QIOehf7PocBQ=="
        },
        "node_modules/esbuild": {
            "version": "0.18.20",
            "resolved": "https://registry.npmjs.org/esbuild/-/esbuild-0.18.20.tgz",
            "integrity": "sha512-ceqxoedUrcayh7Y7ZX6NdbbDzGROiyVBgC4PriJThBKSVPWnnFHZAkfI1lJT8QFkOwH4qOS2SJkS4wvpGl8BpA==",
            "dev": true,
            "hasInstallScript": true,
            "bin": {
                "esbuild": "bin/esbuild"
            },
            "engines": {
                "node": ">=12"
            },
            "optionalDependencies": {
                "@esbuild/android-arm": "0.18.20",
                "@esbuild/android-arm64": "0.18.20",
                "@esbuild/android-x64": "0.18.20",
                "@esbuild/darwin-arm64": "0.18.20",
                "@esbuild/darwin-x64": "0.18.20",
                "@esbuild/freebsd-arm64": "0.18.20",
                "@esbuild/freebsd-x64": "0.18.20",
                "@esbuild/linux-arm": "0.18.20",
                "@esbuild/linux-arm64": "0.18.20",
                "@esbuild/linux-ia32": "0.18.20",
                "@esbuild/linux-loong64": "0.18.20",
                "@esbuild/linux-mips64el": "0.18.20",
                "@esbuild/linux-ppc64": "0.18.20",
                "@esbuild/linux-riscv64": "0.18.20",
                "@esbuild/linux-s390x": "0.18.20",
                "@esbuild/linux-x64": "0.18.20",
                "@esbuild/netbsd-x64": "0.18.20",
                "@esbuild/openbsd-x64": "0.18.20",
                "@esbuild/sunos-x64": "0.18.20",
                "@esbuild/win32-arm64": "0.18.20",
                "@esbuild/win32-ia32": "0.18.20",
                "@esbuild/win32-x64": "0.18.20"
            }
        },
        "node_modules/follow-redirects": {
            "version": "1.15.3",
            "resolved": "https://registry.npmjs.org/follow-redirects/-/follow-redirects-1.15.3.tgz",
            "integrity": "sha512-1VzOtuEM8pC9SFU1E+8KfTjZyMztRsgEfwQl44z8A25uy13jSzTj6dyK2Df52iV0vgHCfBwLhDWevLn95w5v6Q==",
            "dev": true,
            "funding": [
                {
                    "type": "individual",
                    "url": "https://github.com/sponsors/RubenVerborgh"
                }
            ],
            "engines": {
                "node": ">=4.0"
            },
            "peerDependenciesMeta": {
                "debug": {
                    "optional": true
                }
            }
        },
        "node_modules/form-data": {
            "version": "4.0.0",
            "resolved": "https://registry.npmjs.org/form-data/-/form-data-4.0.0.tgz",
            "integrity": "sha512-ETEklSGi5t0QMZuiXoA/Q6vcnxcLQP5vdugSpuAyi6SVGi2clPPp+xgEhuMaHC+zGgn31Kd235W35f7Hykkaww==",
            "dev": true,
            "dependencies": {
                "asynckit": "^0.4.0",
                "combined-stream": "^1.0.8",
                "mime-types": "^2.1.12"
            },
            "engines": {
                "node": ">= 6"
            }
        },
        "node_modules/fsevents": {
            "version": "2.3.3",
            "resolved": "https://registry.npmjs.org/fsevents/-/fsevents-2.3.3.tgz",
            "integrity": "sha512-5xoDfX+fL7faATnagmWPpbFtwh/R77WmMMqqHGS65C3vvB0YHrgF+B1YmZ3441tMj5n63k0212XNoJwzlhffQw==",
            "dev": true,
            "hasInstallScript": true,
            "optional": true,
            "os": [
                "darwin"
            ],
            "engines": {
                "node": "^8.16.0 || ^10.6.0 || >=11.0.0"
            }
        },
        "node_modules/gl-matrix": {
            "version": "3.4.3",
            "resolved": "https://registry.npmjs.org/gl-matrix/-/gl-matrix-3.4.3.tgz",
            "integrity": "sha512-wcCp8vu8FT22BnvKVPjXa/ICBWRq/zjFfdofZy1WSpQZpphblv12/bOQLBC1rMM7SGOFS9ltVmKOHil5+Ml7gA=="
        },
        "node_modules/hammerjs": {
            "version": "2.0.8",
            "resolved": "https://registry.npmjs.org/hammerjs/-/hammerjs-2.0.8.tgz",
            "integrity": "sha512-tSQXBXS/MWQOn/RKckawJ61vvsDpCom87JgxiYdGwHdOa0ht0vzUWDlfioofFCRU0L+6NGDt6XzbgoJvZkMeRQ==",
            "engines": {
                "node": ">=0.8.0"
            }
        },
        "node_modules/laravel-vite-plugin": {
            "version": "0.8.1",
            "resolved": "https://registry.npmjs.org/laravel-vite-plugin/-/laravel-vite-plugin-0.8.1.tgz",
            "integrity": "sha512-fxzUDjOA37kOsYq8dP+3oPIlw8/kJVXwu0hOXLun82R1LpV02shGeWGYKx2lbpKffL5I0sfPPjfqbYxuqBluAA==",
            "dev": true,
            "dependencies": {
                "picocolors": "^1.0.0",
                "vite-plugin-full-reload": "^1.0.5"
            },
            "engines": {
                "node": ">=14"
            },
            "peerDependencies": {
                "vite": "^3.0.0 || ^4.0.0"
            }
        },
        "node_modules/math.gl": {
            "version": "3.6.3",
            "resolved": "https://registry.npmjs.org/math.gl/-/math.gl-3.6.3.tgz",
            "integrity": "sha512-Yq9CyECvSDox9+5ETi2+x1bGTY5WvGUGL3rJfC4KPoCZAM51MGfrCm6rIn4yOJUVfMPs2a5RwMD+yGS/n1g3gg==",
            "dependencies": {
                "@math.gl/core": "3.6.3"
            }
        },
        "node_modules/mime-db": {
            "version": "1.52.0",
            "resolved": "https://registry.npmjs.org/mime-db/-/mime-db-1.52.0.tgz",
            "integrity": "sha512-sPU4uV7dYlvtWJxwwxHD0PuihVNiE7TyAbQ5SWxDCB9mUYvOgroQOwYQQOKPJ8CIbE+1ETVlOoK1UC2nU3gYvg==",
            "dev": true,
            "engines": {
                "node": ">= 0.6"
            }
        },
        "node_modules/mime-types": {
            "version": "2.1.35",
            "resolved": "https://registry.npmjs.org/mime-types/-/mime-types-2.1.35.tgz",
            "integrity": "sha512-ZDY+bPm5zTTF+YpCrAU9nK0UgICYPT0QtT1NZWFv4s++TNkcgVaT0g6+4R2uI4MjQjzysHB1zxuWL50hzaeXiw==",
            "dev": true,
            "dependencies": {
                "mime-db": "1.52.0"
            },
            "engines": {
                "node": ">= 0.6"
            }
        },
        "node_modules/mjolnir.js": {
            "version": "2.7.1",
            "resolved": "https://registry.npmjs.org/mjolnir.js/-/mjolnir.js-2.7.1.tgz",
            "integrity": "sha512-72BeUWgTv2cj5aZQKpwL8caNUFhXZ9bDm1hxpNj70XJQ62IBnTZmtv/WPxJvtaVNhzNo+D2U8O6ryNI0zImYcw==",
            "dependencies": {
                "@types/hammerjs": "^2.0.41",
                "hammerjs": "^2.0.8"
            },
            "engines": {
                "node": ">= 4",
                "npm": ">= 3"
            }
        },
        "node_modules/nanoid": {
            "version": "3.3.6",
            "resolved": "https://registry.npmjs.org/nanoid/-/nanoid-3.3.6.tgz",
            "integrity": "sha512-BGcqMMJuToF7i1rt+2PWSNVnWIkGCU78jBG3RxO/bZlnZPK2Cmi2QaffxGO/2RvWi9sL+FAiRiXMgsyxQ1DIDA==",
            "dev": true,
            "funding": [
                {
                    "type": "github",
                    "url": "https://github.com/sponsors/ai"
                }
            ],
            "bin": {
                "nanoid": "bin/nanoid.cjs"
            },
            "engines": {
                "node": "^10 || ^12 || ^13.7 || ^14 || >=15.0.1"
            }
        },
        "node_modules/picocolors": {
            "version": "1.0.0",
            "resolved": "https://registry.npmjs.org/picocolors/-/picocolors-1.0.0.tgz",
            "integrity": "sha512-1fygroTLlHu66zi26VoTDv8yRgm0Fccecssto+MhsZ0D/DGW2sm8E8AjW7NU5VVTRt5GxbeZ5qBuJr+HyLYkjQ==",
            "dev": true
        },
        "node_modules/picomatch": {
            "version": "2.3.1",
            "resolved": "https://registry.npmjs.org/picomatch/-/picomatch-2.3.1.tgz",
            "integrity": "sha512-JU3teHTNjmE2VCGFzuY8EXzCDVwEqB2a8fsIvwaStHhAWJEeVd1o1QD80CU6+ZdEXXSLbSsuLwJjkCBWqRQUVA==",
            "dev": true,
            "engines": {
                "node": ">=8.6"
            },
            "funding": {
                "url": "https://github.com/sponsors/jonschlinkert"
            }
        },
        "node_modules/postcss": {
            "version": "8.4.31",
            "resolved": "https://registry.npmjs.org/postcss/-/postcss-8.4.31.tgz",
            "integrity": "sha512-PS08Iboia9mts/2ygV3eLpY5ghnUcfLV/EXTOW1E2qYxJKGGBUtNjN76FYHnMs36RmARn41bC0AZmn+rR0OVpQ==",
            "dev": true,
            "funding": [
                {
                    "type": "opencollective",
                    "url": "https://opencollective.com/postcss/"
                },
                {
                    "type": "tidelift",
                    "url": "https://tidelift.com/funding/github/npm/postcss"
                },
                {
                    "type": "github",
                    "url": "https://github.com/sponsors/ai"
                }
            ],
            "dependencies": {
                "nanoid": "^3.3.6",
                "picocolors": "^1.0.0",
                "source-map-js": "^1.0.2"
            },
            "engines": {
                "node": "^10 || ^12 || >=14"
            }
        },
        "node_modules/proxy-from-env": {
            "version": "1.1.0",
            "resolved": "https://registry.npmjs.org/proxy-from-env/-/proxy-from-env-1.1.0.tgz",
            "integrity": "sha512-D+zkORCbA9f1tdWRK0RaCR3GPv50cMxcrz4X8k5LTSUD1Dkw47mKJEZQNunItRTkWwgtaUSo1RVFRIG9ZXiFYg==",
            "dev": true
        },
        "node_modules/regenerator-runtime": {
            "version": "0.14.0",
            "resolved": "https://registry.npmjs.org/regenerator-runtime/-/regenerator-runtime-0.14.0.tgz",
            "integrity": "sha512-srw17NI0TUWHuGa5CFGGmhfNIeja30WMBfbslPNhf6JrqQlLN5gcrvig1oqPxiVaXb0oW0XRKtH6Nngs5lKCIA=="
        },
        "node_modules/rollup": {
            "version": "3.29.4",
            "resolved": "https://registry.npmjs.org/rollup/-/rollup-3.29.4.tgz",
            "integrity": "sha512-oWzmBZwvYrU0iJHtDmhsm662rC15FRXmcjCk1xD771dFDx5jJ02ufAQQTn0etB2emNk4J9EZg/yWKpsn9BWGRw==",
            "dev": true,
            "bin": {
                "rollup": "dist/bin/rollup"
            },
            "engines": {
                "node": ">=14.18.0",
                "npm": ">=8.0.0"
            },
            "optionalDependencies": {
                "fsevents": "~2.3.2"
            }
        },
        "node_modules/source-map-js": {
            "version": "1.0.2",
            "resolved": "https://registry.npmjs.org/source-map-js/-/source-map-js-1.0.2.tgz",
            "integrity": "sha512-R0XvVJ9WusLiqTCEiGCmICCMplcCkIwwR11mOSD9CR5u+IXYdiseeEuXCVAjS54zqwkLcPNnmU4OeJ6tUrWhDw==",
            "dev": true,
            "engines": {
                "node": ">=0.10.0"
            }
        },
        "node_modules/vite": {
            "version": "4.4.9",
            "resolved": "https://registry.npmjs.org/vite/-/vite-4.4.9.tgz",
            "integrity": "sha512-2mbUn2LlUmNASWwSCNSJ/EG2HuSRTnVNaydp6vMCm5VIqJsjMfbIWtbH2kDuwUVW5mMUKKZvGPX/rqeqVvv1XA==",
            "dev": true,
            "dependencies": {
                "esbuild": "^0.18.10",
                "postcss": "^8.4.27",
                "rollup": "^3.27.1"
            },
            "bin": {
                "vite": "bin/vite.js"
            },
            "engines": {
                "node": "^14.18.0 || >=16.0.0"
            },
            "funding": {
                "url": "https://github.com/vitejs/vite?sponsor=1"
            },
            "optionalDependencies": {
                "fsevents": "~2.3.2"
            },
            "peerDependencies": {
                "@types/node": ">= 14",
                "less": "*",
                "lightningcss": "^1.21.0",
                "sass": "*",
                "stylus": "*",
                "sugarss": "*",
                "terser": "^5.4.0"
            },
            "peerDependenciesMeta": {
                "@types/node": {
                    "optional": true
                },
                "less": {
                    "optional": true
                },
                "lightningcss": {
                    "optional": true
                },
                "sass": {
                    "optional": true
                },
                "stylus": {
                    "optional": true
                },
                "sugarss": {
                    "optional": true
                },
                "terser": {
                    "optional": true
                }
            }
        },
        "node_modules/vite-plugin-full-reload": {
            "version": "1.0.5",
            "resolved": "https://registry.npmjs.org/vite-plugin-full-reload/-/vite-plugin-full-reload-1.0.5.tgz",
            "integrity": "sha512-kVZFDFWr0DxiHn6MuDVTQf7gnWIdETGlZh0hvTiMXzRN80vgF4PKbONSq8U1d0WtHsKaFODTQgJeakLacoPZEQ==",
            "dev": true,
            "dependencies": {
                "picocolors": "^1.0.0",
                "picomatch": "^2.3.1"
            },
            "peerDependencies": {
                "vite": "^2 || ^3 || ^4"
            }
        }
    }
}
